
Microsoft Visual Studio Solution File, Format Version 12.00
# Visual Studio Version 16
VisualStudioVersion = 16.0.31025.194
MinimumVisualStudioVersion = 10.0.40219.1
Project("{FAE04EC0-301F-11D3-BF4B-00C04F79EFBC}") = "Session5", "Session5\Session5.csproj", "{C9522D5C-9410-4F77-9CFF-915FC35C4FC0}"
EndProject
Global
	GlobalSection(SolutionConfigurationPlatforms) = preSolution
		Debug|Any CPU = Debug|Any CPU
		Release|Any CPU = Release|Any CPU
	EndGlobalSection
	GlobalSection(ProjectConfigurationPlatforms) = postSolution
		{C9522D5C-9410-4F77-9CFF-915FC35C4FC0}.Debug|Any CPU.ActiveCfg = Debug|Any CPU
		{C9522D5C-9410-4F77-9CFF-915FC35C4FC0}.Debug|Any CPU.Build.0 = Debug|Any CPU
		{C9522D5C-9410-4F77-9CFF-915FC35C4FC0}.Release|Any CPU.ActiveCfg = Release|Any CPU
		{C9522D5C-9410-4F77-9CFF-915FC35C4FC0}.Release|Any CPU.Build.0 = Release|Any CPU
	EndGlobalSection
	GlobalSection(SolutionProperties) = preSolution
		HideSolutionNode = FALSE
	EndGlobalSection
	GlobalSection(ExtensibilityGlobals) = postSolution
		SolutionGuid = {EF34DA69-F409-4F17-A013-46B414D080A8}
	EndGlobalSection
EndGlobal
